{
  "name": "weaveos",
  "version": "0.1.0",
  "lockfileVersion": 3,
  "requires": true,
  "packages": {
    "": {
      "name": "weaveos",
      "version": "0.1.0",
      "license": "MIT",
      "devDependencies": {
        "eslint": "^8.57.0",
        "prettier": "^3.3.2"
      },
      "engines": {
        "node": ">=20"
      }
    }
  },
  "devDependencies": {
    "eslint": {
      "version": "^8.57.0"
    },
    "prettier": {
      "version": "^3.3.2"
    }
  }
}
